{
  "originHash" : "7f129f9622d76ea7ef0eb30fa60243d1df4fff370b168e88ae3a483a84048652",
  "pins" : [
    {
      "identity" : "base32",
      "kind" : "remoteSourceControl",
      "location" : "https://github.com/Jarema/Base32.git",
      "state" : {
        "revision" : "7f723a2e55f1c76e7c79263aebf89dbfcd58e77d",
        "version" : "0.10.2"
      }
    },
    {
      "identity" : "germconvenience",
      "kind" : "remoteSourceControl",
      "location" : "https://github.com/germ-network/GermConvenience.git",
      "state" : {
        "branch" : "mark/add-any-content-type",
        "revision" : "27e9d44dd5bd5a84dbbde18542a0df1c308a9b55"
      }
    },
    {
      "identity" : "swift-asn1",
      "kind" : "remoteSourceControl",
      "location" : "https://github.com/apple/swift-asn1.git",
      "state" : {
        "revision" : "9f542610331815e29cc3821d3b6f488db8715517",
        "version" : "1.6.0"
      }
    },
    {
      "identity" : "swift-crypto",
      "kind" : "remoteSourceControl",
      "location" : "https://github.com/apple/swift-crypto.git",
      "state" : {
        "revision" : "fa308c07a6fa04a727212d793e761460e41049c3",
        "version" : "4.3.0"
      }
    },
    {
      "identity" : "swift-http-types",
      "kind" : "remoteSourceControl",
      "location" : "https://github.com/apple/swift-http-types.git",
      "state" : {
        "revision" : "45eb0224913ea070ec4fba17291b9e7ecf4749ca",
        "version" : "1.5.1"
      }
    }
  ],
  "version" : 3
}
